
Microsoft Visual Studio Solution File, Format Version 12.00
# Visual Studio Version 17
VisualStudioVersion = 17.4.33213.308
MinimumVisualStudioVersion = 10.0.40219.1
Project("{FAE04EC0-301F-11D3-BF4B-00C04F79EFBC}") = "ClassMetotDemo", "ClassMetotDemo\ClassMetotDemo.csproj", "{57DD3E46-A5A4-4273-A554-8898DD3914E4}"
EndProject
Global
	GlobalSection(SolutionConfigurationPlatforms) = preSolution
		Debug|Any CPU = Debug|Any CPU
		Release|Any CPU = Release|Any CPU
	EndGlobalSection
	GlobalSection(ProjectConfigurationPlatforms) = postSolution
		{57DD3E46-A5A4-4273-A554-8898DD3914E4}.Debug|Any CPU.ActiveCfg = Debug|Any CPU
		{57DD3E46-A5A4-4273-A554-8898DD3914E4}.Debug|Any CPU.Build.0 = Debug|Any CPU
		{57DD3E46-A5A4-4273-A554-8898DD3914E4}.Release|Any CPU.ActiveCfg = Release|Any CPU
		{57DD3E46-A5A4-4273-A554-8898DD3914E4}.Release|Any CPU.Build.0 = Release|Any CPU
	EndGlobalSection
	GlobalSection(SolutionProperties) = preSolution
		HideSolutionNode = FALSE
	EndGlobalSection
	GlobalSection(ExtensibilityGlobals) = postSolution
		SolutionGuid = {A6FAC5F5-F014-4ECA-80E1-1627C768FC2B}
	EndGlobalSection
EndGlobal
